
Microsoft Visual Studio Solution File, Format Version 12.00
# Visual Studio 15
VisualStudioVersion = 15.0.28010.2036
MinimumVisualStudioVersion = 10.0.40219.1
Project("{2150E333-8FDC-42A3-9474-1A3956D46DE8}") = "Arrays", "Arrays", "{4DEDAEA6-09F3-46B8-857A-A62F1BDB2FCA}"
EndProject
Project("{2150E333-8FDC-42A3-9474-1A3956D46DE8}") = "Warmup-Challenges", "Warmup-Challenges", "{62149CB4-296C-43A3-8CCD-38C08565D919}"
EndProject
Project("{2150E333-8FDC-42A3-9474-1A3956D46DE8}") = "SockMerchant", "SockMerchant", "{6592F06A-17AB-4869-BE73-16D9C5B54A12}"
EndProject
Project("{FAE04EC0-301F-11D3-BF4B-00C04F79EFBC}") = "SockMerchant", "SockMerchant\SockMerchant.csproj", "{5D340AD5-1DB6-4B60-8DE6-0C3631B4EBD0}"
EndProject
Project("{2150E333-8FDC-42A3-9474-1A3956D46DE8}") = "CountingValleys", "CountingValleys", "{3B22D26E-50D7-4BED-8DE5-76A9912F20F4}"
EndProject
Project("{FAE04EC0-301F-11D3-BF4B-00C04F79EFBC}") = "CountingValleys", "CountingValleys\CountingValleys.csproj", "{AD139C53-CFE4-47CF-B2BC-FB8CA044F298}"
EndProject
Project("{2150E333-8FDC-42A3-9474-1A3956D46DE8}") = "JumpingOnTheClouds", "JumpingOnTheClouds", "{D2A9EF35-E2CF-4D8C-AF48-D9711473ED18}"
EndProject
Project("{FAE04EC0-301F-11D3-BF4B-00C04F79EFBC}") = "JumpingOnTheClouds", "JumpingOnTheClouds\JumpingOnTheClouds.csproj", "{238F5711-FACD-497B-8E35-386E54B3BFFC}"
EndProject
Project("{2150E333-8FDC-42A3-9474-1A3956D46DE8}") = "RepeatedString", "RepeatedString", "{F1F7254C-10E6-4E97-9475-B17490D2B83D}"
EndProject
Project("{FAE04EC0-301F-11D3-BF4B-00C04F79EFBC}") = "RepeatedString", "RepeatedString\RepeatedString.csproj", "{EEE0EADF-FEA6-40F2-835A-F9E6708BD0BA}"
EndProject
Project("{2150E333-8FDC-42A3-9474-1A3956D46DE8}") = "2DArrayDS", "2DArrayDS", "{21DAB1D1-38C5-4D88-8019-63BECE0DB363}"
EndProject
Project("{FAE04EC0-301F-11D3-BF4B-00C04F79EFBC}") = "2DArrayDS", "2DArrayDS\2DArrayDS.csproj", "{2B78E6D7-E9B4-4D00-9028-B5BB01444C4A}"
EndProject
Project("{2150E333-8FDC-42A3-9474-1A3956D46DE8}") = "ArraysLeftRotation", "ArraysLeftRotation", "{FDD54430-D39E-4E40-93F1-5BC40AE5832A}"
EndProject
Project("{FAE04EC0-301F-11D3-BF4B-00C04F79EFBC}") = "ArraysLeftRotation", "ArraysLeftRotation\ArraysLeftRotation.csproj", "{E22E21C6-61A0-4598-AC2E-9BC63505213A}"
EndProject
Project("{2150E333-8FDC-42A3-9474-1A3956D46DE8}") = "NewYearChaos", "NewYearChaos", "{A87E2D58-6ECD-4B83-BC67-5E8CB0D18151}"
EndProject
Project("{FAE04EC0-301F-11D3-BF4B-00C04F79EFBC}") = "NewYearChaos", "NewYearChaos\NewYearChaos.csproj", "{FFF6FBFE-0C1D-4558-A55D-74C09F049FA9}"
EndProject
Project("{2150E333-8FDC-42A3-9474-1A3956D46DE8}") = "MinimumSwaps2", "MinimumSwaps2", "{F35278F9-D1A4-4C8C-AB38-C46DF0D8753D}"
EndProject
Project("{FAE04EC0-301F-11D3-BF4B-00C04F79EFBC}") = "MinimumSwaps2", "MinimumSwaps2\MinimumSwaps2.csproj", "{6722091F-2036-4921-A304-705729785159}"
EndProject
Project("{2150E333-8FDC-42A3-9474-1A3956D46DE8}") = "ArrayManipulation", "ArrayManipulation", "{944BE5BF-C622-4629-A78E-3C07A4A5A214}"
EndProject
Project("{FAE04EC0-301F-11D3-BF4B-00C04F79EFBC}") = "ArrayManipulation", "ArrayManipulation\ArrayManipulation.csproj", "{F6B470CB-28C7-4D85-B529-80902807CD10}"
EndProject
Project("{2150E333-8FDC-42A3-9474-1A3956D46DE8}") = "DictionariesAndHashmaps", "DictionariesAndHashmaps", "{23239B4B-87D0-44DC-9F30-8E7C449808CC}"
EndProject
Project("{2150E333-8FDC-42A3-9474-1A3956D46DE8}") = "HashTablesRansomNote", "HashTablesRansomNote", "{1C4D2275-70FC-4CA4-9D21-6F19C3CA8471}"
EndProject
Project("{FAE04EC0-301F-11D3-BF4B-00C04F79EFBC}") = "HashTablesRansomNote", "HashTablesRansomNote\HashTablesRansomNote.csproj", "{B8341091-3C46-480C-A4AE-C2B6DC8E1C06}"
EndProject
Project("{2150E333-8FDC-42A3-9474-1A3956D46DE8}") = "TwoStrings", "TwoStrings", "{53C39B14-6B24-490A-A85A-58C6A41836B0}"
EndProject
Project("{FAE04EC0-301F-11D3-BF4B-00C04F79EFBC}") = "TwoStrings", "TwoStrings\TwoStrings.csproj", "{EB27A45F-7569-444D-9B8F-BD2AE19BCD00}"
EndProject
Project("{2150E333-8FDC-42A3-9474-1A3956D46DE8}") = "SherlockAndAnagrams", "SherlockAndAnagrams", "{7112DF93-9C2E-4ED0-A389-37872F7B6632}"
EndProject
Project("{FAE04EC0-301F-11D3-BF4B-00C04F79EFBC}") = "SherlockAndAnagrams", "SherlockAndAnagrams\SherlockAndAnagrams.csproj", "{A57309E8-8547-40AF-8B1C-37CD447E8938}"
EndProject
Global
	GlobalSection(SolutionConfigurationPlatforms) = preSolution
		Debug|Any CPU = Debug|Any CPU
		Release|Any CPU = Release|Any CPU
	EndGlobalSection
	GlobalSection(ProjectConfigurationPlatforms) = postSolution
		{5D340AD5-1DB6-4B60-8DE6-0C3631B4EBD0}.Debug|Any CPU.ActiveCfg = Debug|Any CPU
		{5D340AD5-1DB6-4B60-8DE6-0C3631B4EBD0}.Debug|Any CPU.Build.0 = Debug|Any CPU
		{5D340AD5-1DB6-4B60-8DE6-0C3631B4EBD0}.Release|Any CPU.ActiveCfg = Release|Any CPU
		{5D340AD5-1DB6-4B60-8DE6-0C3631B4EBD0}.Release|Any CPU.Build.0 = Release|Any CPU
		{AD139C53-CFE4-47CF-B2BC-FB8CA044F298}.Debug|Any CPU.ActiveCfg = Debug|Any CPU
		{AD139C53-CFE4-47CF-B2BC-FB8CA044F298}.Debug|Any CPU.Build.0 = Debug|Any CPU
		{AD139C53-CFE4-47CF-B2BC-FB8CA044F298}.Release|Any CPU.ActiveCfg = Release|Any CPU
		{AD139C53-CFE4-47CF-B2BC-FB8CA044F298}.Release|Any CPU.Build.0 = Release|Any CPU
		{238F5711-FACD-497B-8E35-386E54B3BFFC}.Debug|Any CPU.ActiveCfg = Debug|Any CPU
		{238F5711-FACD-497B-8E35-386E54B3BFFC}.Debug|Any CPU.Build.0 = Debug|Any CPU
		{238F5711-FACD-497B-8E35-386E54B3BFFC}.Release|Any CPU.ActiveCfg = Release|Any CPU
		{238F5711-FACD-497B-8E35-386E54B3BFFC}.Release|Any CPU.Build.0 = Release|Any CPU
		{EEE0EADF-FEA6-40F2-835A-F9E6708BD0BA}.Debug|Any CPU.ActiveCfg = Debug|Any CPU
		{EEE0EADF-FEA6-40F2-835A-F9E6708BD0BA}.Debug|Any CPU.Build.0 = Debug|Any CPU
		{EEE0EADF-FEA6-40F2-835A-F9E6708BD0BA}.Release|Any CPU.ActiveCfg = Release|Any CPU
		{EEE0EADF-FEA6-40F2-835A-F9E6708BD0BA}.Release|Any CPU.Build.0 = Release|Any CPU
		{2B78E6D7-E9B4-4D00-9028-B5BB01444C4A}.Debug|Any CPU.ActiveCfg = Debug|Any CPU
		{2B78E6D7-E9B4-4D00-9028-B5BB01444C4A}.Debug|Any CPU.Build.0 = Debug|Any CPU
		{2B78E6D7-E9B4-4D00-9028-B5BB01444C4A}.Release|Any CPU.ActiveCfg = Release|Any CPU
		{2B78E6D7-E9B4-4D00-9028-B5BB01444C4A}.Release|Any CPU.Build.0 = Release|Any CPU
		{E22E21C6-61A0-4598-AC2E-9BC63505213A}.Debug|Any CPU.ActiveCfg = Debug|Any CPU
		{E22E21C6-61A0-4598-AC2E-9BC63505213A}.Debug|Any CPU.Build.0 = Debug|Any CPU
		{E22E21C6-61A0-4598-AC2E-9BC63505213A}.Release|Any CPU.ActiveCfg = Release|Any CPU
		{E22E21C6-61A0-4598-AC2E-9BC63505213A}.Release|Any CPU.Build.0 = Release|Any CPU
		{FFF6FBFE-0C1D-4558-A55D-74C09F049FA9}.Debug|Any CPU.ActiveCfg = Debug|Any CPU
		{FFF6FBFE-0C1D-4558-A55D-74C09F049FA9}.Debug|Any CPU.Build.0 = Debug|Any CPU
		{FFF6FBFE-0C1D-4558-A55D-74C09F049FA9}.Release|Any CPU.ActiveCfg = Release|Any CPU
		{FFF6FBFE-0C1D-4558-A55D-74C09F049FA9}.Release|Any CPU.Build.0 = Release|Any CPU
		{6722091F-2036-4921-A304-705729785159}.Debug|Any CPU.ActiveCfg = Debug|Any CPU
		{6722091F-2036-4921-A304-705729785159}.Debug|Any CPU.Build.0 = Debug|Any CPU
		{6722091F-2036-4921-A304-705729785159}.Release|Any CPU.ActiveCfg = Release|Any CPU
		{6722091F-2036-4921-A304-705729785159}.Release|Any CPU.Build.0 = Release|Any CPU
		{F6B470CB-28C7-4D85-B529-80902807CD10}.Debug|Any CPU.ActiveCfg = Debug|Any CPU
		{F6B470CB-28C7-4D85-B529-80902807CD10}.Debug|Any CPU.Build.0 = Debug|Any CPU
		{F6B470CB-28C7-4D85-B529-80902807CD10}.Release|Any CPU.ActiveCfg = Release|Any CPU
		{F6B470CB-28C7-4D85-B529-80902807CD10}.Release|Any CPU.Build.0 = Release|Any CPU
		{B8341091-3C46-480C-A4AE-C2B6DC8E1C06}.Debug|Any CPU.ActiveCfg = Debug|Any CPU
		{B8341091-3C46-480C-A4AE-C2B6DC8E1C06}.Debug|Any CPU.Build.0 = Debug|Any CPU
		{B8341091-3C46-480C-A4AE-C2B6DC8E1C06}.Release|Any CPU.ActiveCfg = Release|Any CPU
		{B8341091-3C46-480C-A4AE-C2B6DC8E1C06}.Release|Any CPU.Build.0 = Release|Any CPU
		{EB27A45F-7569-444D-9B8F-BD2AE19BCD00}.Debug|Any CPU.ActiveCfg = Debug|Any CPU
		{EB27A45F-7569-444D-9B8F-BD2AE19BCD00}.Debug|Any CPU.Build.0 = Debug|Any CPU
		{EB27A45F-7569-444D-9B8F-BD2AE19BCD00}.Release|Any CPU.ActiveCfg = Release|Any CPU
		{EB27A45F-7569-444D-9B8F-BD2AE19BCD00}.Release|Any CPU.Build.0 = Release|Any CPU
		{A57309E8-8547-40AF-8B1C-37CD447E8938}.Debug|Any CPU.ActiveCfg = Debug|Any CPU
		{A57309E8-8547-40AF-8B1C-37CD447E8938}.Debug|Any CPU.Build.0 = Debug|Any CPU
		{A57309E8-8547-40AF-8B1C-37CD447E8938}.Release|Any CPU.ActiveCfg = Release|Any CPU
		{A57309E8-8547-40AF-8B1C-37CD447E8938}.Release|Any CPU.Build.0 = Release|Any CPU
	EndGlobalSection
	GlobalSection(SolutionProperties) = preSolution
		HideSolutionNode = FALSE
	EndGlobalSection
	GlobalSection(NestedProjects) = preSolution
		{6592F06A-17AB-4869-BE73-16D9C5B54A12} = {62149CB4-296C-43A3-8CCD-38C08565D919}
		{5D340AD5-1DB6-4B60-8DE6-0C3631B4EBD0} = {6592F06A-17AB-4869-BE73-16D9C5B54A12}
		{3B22D26E-50D7-4BED-8DE5-76A9912F20F4} = {62149CB4-296C-43A3-8CCD-38C08565D919}
		{AD139C53-CFE4-47CF-B2BC-FB8CA044F298} = {3B22D26E-50D7-4BED-8DE5-76A9912F20F4}
		{D2A9EF35-E2CF-4D8C-AF48-D9711473ED18} = {62149CB4-296C-43A3-8CCD-38C08565D919}
		{238F5711-FACD-497B-8E35-386E54B3BFFC} = {D2A9EF35-E2CF-4D8C-AF48-D9711473ED18}
		{F1F7254C-10E6-4E97-9475-B17490D2B83D} = {62149CB4-296C-43A3-8CCD-38C08565D919}
		{EEE0EADF-FEA6-40F2-835A-F9E6708BD0BA} = {F1F7254C-10E6-4E97-9475-B17490D2B83D}
		{21DAB1D1-38C5-4D88-8019-63BECE0DB363} = {4DEDAEA6-09F3-46B8-857A-A62F1BDB2FCA}
		{2B78E6D7-E9B4-4D00-9028-B5BB01444C4A} = {21DAB1D1-38C5-4D88-8019-63BECE0DB363}
		{FDD54430-D39E-4E40-93F1-5BC40AE5832A} = {4DEDAEA6-09F3-46B8-857A-A62F1BDB2FCA}
		{E22E21C6-61A0-4598-AC2E-9BC63505213A} = {FDD54430-D39E-4E40-93F1-5BC40AE5832A}
		{A87E2D58-6ECD-4B83-BC67-5E8CB0D18151} = {4DEDAEA6-09F3-46B8-857A-A62F1BDB2FCA}
		{FFF6FBFE-0C1D-4558-A55D-74C09F049FA9} = {A87E2D58-6ECD-4B83-BC67-5E8CB0D18151}
		{F35278F9-D1A4-4C8C-AB38-C46DF0D8753D} = {4DEDAEA6-09F3-46B8-857A-A62F1BDB2FCA}
		{6722091F-2036-4921-A304-705729785159} = {F35278F9-D1A4-4C8C-AB38-C46DF0D8753D}
		{944BE5BF-C622-4629-A78E-3C07A4A5A214} = {4DEDAEA6-09F3-46B8-857A-A62F1BDB2FCA}
		{F6B470CB-28C7-4D85-B529-80902807CD10} = {944BE5BF-C622-4629-A78E-3C07A4A5A214}
		{1C4D2275-70FC-4CA4-9D21-6F19C3CA8471} = {23239B4B-87D0-44DC-9F30-8E7C449808CC}
		{B8341091-3C46-480C-A4AE-C2B6DC8E1C06} = {1C4D2275-70FC-4CA4-9D21-6F19C3CA8471}
		{53C39B14-6B24-490A-A85A-58C6A41836B0} = {23239B4B-87D0-44DC-9F30-8E7C449808CC}
		{EB27A45F-7569-444D-9B8F-BD2AE19BCD00} = {53C39B14-6B24-490A-A85A-58C6A41836B0}
		{7112DF93-9C2E-4ED0-A389-37872F7B6632} = {23239B4B-87D0-44DC-9F30-8E7C449808CC}
		{A57309E8-8547-40AF-8B1C-37CD447E8938} = {7112DF93-9C2E-4ED0-A389-37872F7B6632}
	EndGlobalSection
	GlobalSection(ExtensibilityGlobals) = postSolution
		SolutionGuid = {7626BB14-C4CF-4D16-80A1-EFE415B42246}
	EndGlobalSection
EndGlobal
